
Microsoft Visual Studio Solution File, Format Version 12.00
# Visual Studio 15
VisualStudioVersion = 15.0.28307.1062
MinimumVisualStudioVersion = 10.0.40219.1
Project("{FAE04EC0-301F-11D3-BF4B-00C04F79EFBC}") = "TP_Cargaison_LIAGE3_GLRS3", "TP_Cargaison_LIAGE3_GLRS3\TP_Cargaison_LIAGE3_GLRS3.csproj", "{1D1C0257-A5A1-43C7-A5B3-F21B1DEC3468}"
EndProject
Project("{FAE04EC0-301F-11D3-BF4B-00C04F79EFBC}") = "TestProject", "TestProject\TestProject.csproj", "{401623B3-128C-441A-AF1D-053AC326A32B}"
EndProject
Global
	GlobalSection(SolutionConfigurationPlatforms) = preSolution
		Debug|Any CPU = Debug|Any CPU
		Release|Any CPU = Release|Any CPU
	EndGlobalSection
	GlobalSection(ProjectConfigurationPlatforms) = postSolution
		{1D1C0257-A5A1-43C7-A5B3-F21B1DEC3468}.Debug|Any CPU.ActiveCfg = Debug|Any CPU
		{1D1C0257-A5A1-43C7-A5B3-F21B1DEC3468}.Debug|Any CPU.Build.0 = Debug|Any CPU
		{1D1C0257-A5A1-43C7-A5B3-F21B1DEC3468}.Release|Any CPU.ActiveCfg = Release|Any CPU
		{1D1C0257-A5A1-43C7-A5B3-F21B1DEC3468}.Release|Any CPU.Build.0 = Release|Any CPU
		{401623B3-128C-441A-AF1D-053AC326A32B}.Debug|Any CPU.ActiveCfg = Debug|Any CPU
		{401623B3-128C-441A-AF1D-053AC326A32B}.Debug|Any CPU.Build.0 = Debug|Any CPU
		{401623B3-128C-441A-AF1D-053AC326A32B}.Release|Any CPU.ActiveCfg = Release|Any CPU
		{401623B3-128C-441A-AF1D-053AC326A32B}.Release|Any CPU.Build.0 = Release|Any CPU
	EndGlobalSection
	GlobalSection(SolutionProperties) = preSolution
		HideSolutionNode = FALSE
	EndGlobalSection
	GlobalSection(ExtensibilityGlobals) = postSolution
		SolutionGuid = {B28A7A78-5859-47DF-869C-070A70C9EC06}
	EndGlobalSection
EndGlobal
